
Microsoft Visual Studio Solution File, Format Version 12.00
# Visual Studio Version 17
VisualStudioVersion = 17.14.36212.18 d17.14
MinimumVisualStudioVersion = 10.0.40219.1
Project("{FAE04EC0-301F-11D3-BF4B-00C04F79EFBC}") = "EmprestimoLivro.API", "EmprestimoLivro.API\EmprestimoLivro.API.csproj", "{00C6E027-DE5F-48AF-BC7C-9E60615AA96B}"
EndProject
Global
	GlobalSection(SolutionConfigurationPlatforms) = preSolution
		Debug|Any CPU = Debug|Any CPU
		Release|Any CPU = Release|Any CPU
	EndGlobalSection
	GlobalSection(ProjectConfigurationPlatforms) = postSolution
		{00C6E027-DE5F-48AF-BC7C-9E60615AA96B}.Debug|Any CPU.ActiveCfg = Debug|Any CPU
		{00C6E027-DE5F-48AF-BC7C-9E60615AA96B}.Debug|Any CPU.Build.0 = Debug|Any CPU
		{00C6E027-DE5F-48AF-BC7C-9E60615AA96B}.Release|Any CPU.ActiveCfg = Release|Any CPU
		{00C6E027-DE5F-48AF-BC7C-9E60615AA96B}.Release|Any CPU.Build.0 = Release|Any CPU
	EndGlobalSection
	GlobalSection(SolutionProperties) = preSolution
		HideSolutionNode = FALSE
	EndGlobalSection
	GlobalSection(ExtensibilityGlobals) = postSolution
		SolutionGuid = {D10A9B43-7CA2-482E-B0EA-7B17B43151FE}
	EndGlobalSection
EndGlobal
